
Microsoft Visual Studio Solution File, Format Version 12.00
Project("{FAE04EC0-301F-11D3-BF4B-00C04F79EFBC}") = "docker-compose", "docker-compose.dcproj", "{11403FEB-049C-49B2-874B-7A177A6EBF18}"
EndProject
Project("{FAE04EC0-301F-11D3-BF4B-00C04F79EFBC}") = "QuoteService", "backend\QuoteService\QuoteService.csproj", "{9B1640AC-3A6D-44F5-8815-82E702C77A69}"
EndProject
Global
	GlobalSection(SolutionConfigurationPlatforms) = preSolution
		Debug|Any CPU = Debug|Any CPU
		Release|Any CPU = Release|Any CPU
	EndGlobalSection
	GlobalSection(ProjectConfigurationPlatforms) = postSolution
		{9B1640AC-3A6D-44F5-8815-82E702C77A69}.Debug|Any CPU.ActiveCfg = Debug|Any CPU
		{9B1640AC-3A6D-44F5-8815-82E702C77A69}.Debug|Any CPU.Build.0 = Debug|Any CPU
		{9B1640AC-3A6D-44F5-8815-82E702C77A69}.Release|Any CPU.ActiveCfg = Release|Any CPU
		{9B1640AC-3A6D-44F5-8815-82E702C77A69}.Release|Any CPU.Build.0 = Release|Any CPU
	EndGlobalSection
	GlobalSection(RiderSharedRunConfigurations) = postSolution
		File = .run\Docker Compose.run.xml
	EndGlobalSection
	GlobalSection(NestedProjects) = preSolution
	EndGlobalSection
EndGlobal
